// !$*UTF8*$!
{
	archiveVersion = 1;
	classes = {
	};
	objectVersion = 48;
	objects = {

/* Begin PBXBuildFile section */
		609306092008CBF700EAAE38 /* ForumAnswerTableViewController.swift in Sources */ = {isa = PBXBuildFile; fileRef = 609306082008CBF700EAAE38 /* ForumAnswerTableViewController.swift */; };
		6093060B2008CE2400EAAE38 /* ForumAnswerTableViewCell.swift in Sources */ = {isa = PBXBuildFile; fileRef = 6093060A2008CE2400EAAE38 /* ForumAnswerTableViewCell.swift */; };
		89BC50F01FEB1A0E00714B3A /* ForumPost.swift in Sources */ = {isa = PBXBuildFile; fileRef = 89BC50EF1FEB1A0E00714B3A /* ForumPost.swift */; };
		89BC50F21FEB217500714B3A /* ForumPostTableViewCell.swift in Sources */ = {isa = PBXBuildFile; fileRef = 89BC50F11FEB217500714B3A /* ForumPostTableViewCell.swift */; };
		89FD01371FFD69E200E9C5C5 /* ForumPostTableViewController.swift in Sources */ = {isa = PBXBuildFile; fileRef = 89FD01361FFD69E200E9C5C5 /* ForumPostTableViewController.swift */; };
		F64615EA1FA8790D007EB0A0 /* AppDelegate.swift in Sources */ = {isa = PBXBuildFile; fileRef = F64615E91FA8790D007EB0A0 /* AppDelegate.swift */; };
		F64615EC1FA8790D007EB0A0 /* ViewController.swift in Sources */ = {isa = PBXBuildFile; fileRef = F64615EB1FA8790D007EB0A0 /* ViewController.swift */; };
		F64615EF1FA8790D007EB0A0 /* Main.storyboard in Resources */ = {isa = PBXBuildFile; fileRef = F64615ED1FA8790D007EB0A0 /* Main.storyboard */; };
		F64615F11FA8790D007EB0A0 /* Assets.xcassets in Resources */ = {isa = PBXBuildFile; fileRef = F64615F01FA8790D007EB0A0 /* Assets.xcassets */; };
		F64615F41FA8790D007EB0A0 /* LaunchScreen.storyboard in Resources */ = {isa = PBXBuildFile; fileRef = F64615F21FA8790D007EB0A0 /* LaunchScreen.storyboard */; };
		F64615FF1FA8790D007EB0A0 /* SuperVarioWohnenTests.swift in Sources */ = {isa = PBXBuildFile; fileRef = F64615FE1FA8790D007EB0A0 /* SuperVarioWohnenTests.swift */; };
		F646160A1FA8790D007EB0A0 /* SuperVarioWohnenUITests.swift in Sources */ = {isa = PBXBuildFile; fileRef = F64616091FA8790D007EB0A0 /* SuperVarioWohnenUITests.swift */; };
/* End PBXBuildFile section */

/* Begin PBXContainerItemProxy section */
		F64615FB1FA8790D007EB0A0 /* PBXContainerItemProxy */ = {
			isa = PBXContainerItemProxy;
			containerPortal = F64615DE1FA8790C007EB0A0 /* Project object */;
			proxyType = 1;
			remoteGlobalIDString = F64615E51FA8790C007EB0A0;
			remoteInfo = SuperVarioWohnen;
		};
		F64616061FA8790D007EB0A0 /* PBXContainerItemProxy */ = {
			isa = PBXContainerItemProxy;
			containerPortal = F64615DE1FA8790C007EB0A0 /* Project object */;
			proxyType = 1;
			remoteGlobalIDString = F64615E51FA8790C007EB0A0;
			remoteInfo = SuperVarioWohnen;
		};
/* End PBXContainerItemProxy section */

/* Begin PBXFileReference section */
		609306082008CBF700EAAE38 /* ForumAnswerTableViewController.swift */ = {isa = PBXFileReference; lastKnownFileType = sourcecode.swift; path = ForumAnswerTableViewController.swift; sourceTree = "<group>"; };
		6093060A2008CE2400EAAE38 /* ForumAnswerTableViewCell.swift */ = {isa = PBXFileReference; lastKnownFileType = sourcecode.swift; path = ForumAnswerTableViewCell.swift; sourceTree = "<group>"; };
		89BC50EF1FEB1A0E00714B3A /* ForumPost.swift */ = {isa = PBXFileReference; lastKnownFileType = sourcecode.swift; path = ForumPost.swift; sourceTree = "<group>"; };
		89BC50F11FEB217500714B3A /* ForumPostTableViewCell.swift */ = {isa = PBXFileReference; lastKnownFileType = sourcecode.swift; path = ForumPostTableViewCell.swift; sourceTree = "<group>"; };
		89FD01361FFD69E200E9C5C5 /* ForumPostTableViewController.swift */ = {isa = PBXFileReference; lastKnownFileType = sourcecode.swift; path = ForumPostTableViewController.swift; sourceTree = "<group>"; };
		F64615E61FA8790C007EB0A0 /* SuperVarioWohnen.app */ = {isa = PBXFileReference; explicitFileType = wrapper.application; includeInIndex = 0; path = SuperVarioWohnen.app; sourceTree = BUILT_PRODUCTS_DIR; };
		F64615E91FA8790D007EB0A0 /* AppDelegate.swift */ = {isa = PBXFileReference; lastKnownFileType = sourcecode.swift; path = AppDelegate.swift; sourceTree = "<group>"; };
		F64615EB1FA8790D007EB0A0 /* ViewController.swift */ = {isa = PBXFileReference; lastKnownFileType = sourcecode.swift; path = ViewController.swift; sourceTree = "<group>"; };
		F64615EE1FA8790D007EB0A0 /* Base */ = {isa = PBXFileReference; lastKnownFileType = file.storyboard; name = Base; path = Base.lproj/Main.storyboard; sourceTree = "<group>"; };
		F64615F01FA8790D007EB0A0 /* Assets.xcassets */ = {isa = PBXFileReference; lastKnownFileType = folder.assetcatalog; path = Assets.xcassets; sourceTree = "<group>"; };
		F64615F31FA8790D007EB0A0 /* Base */ = {isa = PBXFileReference; lastKnownFileType = file.storyboard; name = Base; path = Base.lproj/LaunchScreen.storyboard; sourceTree = "<group>"; };
		F64615F51FA8790D007EB0A0 /* Info.plist */ = {isa = PBXFileReference; lastKnownFileType = text.plist.xml; path = Info.plist; sourceTree = "<group>"; };
		F64615FA1FA8790D007EB0A0 /* SuperVarioWohnenTests.xctest */ = {isa = PBXFileReference; explicitFileType = wrapper.cfbundle; includeInIndex = 0; path = SuperVarioWohnenTests.xctest; sourceTree = BUILT_PRODUCTS_DIR; };
		F64615FE1FA8790D007EB0A0 /* SuperVarioWohnenTests.swift */ = {isa = PBXFileReference; lastKnownFileType = sourcecode.swift; path = SuperVarioWohnenTests.swift; sourceTree = "<group>"; };
		F64616001FA8790D007EB0A0 /* Info.plist */ = {isa = PBXFileReference; lastKnownFileType = text.plist.xml; path = Info.plist; sourceTree = "<group>"; };
		F64616051FA8790D007EB0A0 /* SuperVarioWohnenUITests.xctest */ = {isa = PBXFileReference; explicitFileType = wrapper.cfbundle; includeInIndex = 0; path = SuperVarioWohnenUITests.xctest; sourceTree = BUILT_PRODUCTS_DIR; };
		F64616091FA8790D007EB0A0 /* SuperVarioWohnenUITests.swift */ = {isa = PBXFileReference; lastKnownFileType = sourcecode.swift; path = SuperVarioWohnenUITests.swift; sourceTree = "<group>"; };
		F646160B1FA8790D007EB0A0 /* Info.plist */ = {isa = PBXFileReference; lastKnownFileType = text.plist.xml; path = Info.plist; sourceTree = "<group>"; };
/* End PBXFileReference section */

/* Begin PBXFrameworksBuildPhase section */
		F64615E31FA8790C007EB0A0 /* Frameworks */ = {
			isa = PBXFrameworksBuildPhase;
			buildActionMask = 2147483647;
			files = (
			);
			runOnlyForDeploymentPostprocessing = 0;
		};
		F64615F71FA8790D007EB0A0 /* Frameworks */ = {
			isa = PBXFrameworksBuildPhase;
			buildActionMask = 2147483647;
			files = (
			);
			runOnlyForDeploymentPostprocessing = 0;
		};
		F64616021FA8790D007EB0A0 /* Frameworks */ = {
			isa = PBXFrameworksBuildPhase;
			buildActionMask = 2147483647;
			files = (
			);
			runOnlyForDeploymentPostprocessing = 0;
		};
/* End PBXFrameworksBuildPhase section */

/* Begin PBXGroup section */
		F64615DD1FA8790C007EB0A0 = {
			isa = PBXGroup;
			children = (
				F64615E81FA8790C007EB0A0 /* SuperVarioWohnen */,
				F64615FD1FA8790D007EB0A0 /* SuperVarioWohnenTests */,
				F64616081FA8790D007EB0A0 /* SuperVarioWohnenUITests */,
				F64615E71FA8790C007EB0A0 /* Products */,
			);
			sourceTree = "<group>";
		};
		F64615E71FA8790C007EB0A0 /* Products */ = {
			isa = PBXGroup;
			children = (
				F64615E61FA8790C007EB0A0 /* SuperVarioWohnen.app */,
				F64615FA1FA8790D007EB0A0 /* SuperVarioWohnenTests.xctest */,
				F64616051FA8790D007EB0A0 /* SuperVarioWohnenUITests.xctest */,
			);
			name = Products;
			sourceTree = "<group>";
		};
		F64615E81FA8790C007EB0A0 /* SuperVarioWohnen */ = {
			isa = PBXGroup;
			children = (
				F64615E91FA8790D007EB0A0 /* AppDelegate.swift */,
				89BC50EF1FEB1A0E00714B3A /* ForumPost.swift */,
				89BC50F11FEB217500714B3A /* ForumPostTableViewCell.swift */,
				F64615EB1FA8790D007EB0A0 /* ViewController.swift */,
				89FD01361FFD69E200E9C5C5 /* ForumPostTableViewController.swift */,
				6093060A2008CE2400EAAE38 /* ForumAnswerTableViewCell.swift */,
				609306082008CBF700EAAE38 /* ForumAnswerTableViewController.swift */,
				F64615ED1FA8790D007EB0A0 /* Main.storyboard */,
				F64615F01FA8790D007EB0A0 /* Assets.xcassets */,
				F64615F21FA8790D007EB0A0 /* LaunchScreen.storyboard */,
				F64615F51FA8790D007EB0A0 /* Info.plist */,
			);
			path = SuperVarioWohnen;
			sourceTree = "<group>";
		};
		F64615FD1FA8790D007EB0A0 /* SuperVarioWohnenTests */ = {
			isa = PBXGroup;
			children = (
				F64615FE1FA8790D007EB0A0 /* SuperVarioWohnenTests.swift */,
				F64616001FA8790D007EB0A0 /* Info.plist */,
			);
			path = SuperVarioWohnenTests;
			sourceTree = "<group>";
		};
		F64616081FA8790D007EB0A0 /* SuperVarioWohnenUITests */ = {
			isa = PBXGroup;
			children = (
				F64616091FA8790D007EB0A0 /* SuperVarioWohnenUITests.swift */,
				F646160B1FA8790D007EB0A0 /* Info.plist */,
			);
			path = SuperVarioWohnenUITests;
			sourceTree = "<group>";
		};
/* End PBXGroup section */

/* Begin PBXNativeTarget section */
		F64615E51FA8790C007EB0A0 /* SuperVarioWohnen */ = {
			isa = PBXNativeTarget;
			buildConfigurationList = F646160E1FA8790D007EB0A0 /* Build configuration list for PBXNativeTarget "SuperVarioWohnen" */;
			buildPhases = (
				F64615E21FA8790C007EB0A0 /* Sources */,
				F64615E31FA8790C007EB0A0 /* Frameworks */,
				F64615E41FA8790C007EB0A0 /* Resources */,
			);
			buildRules = (
			);
			dependencies = (
			);
			name = SuperVarioWohnen;
			productName = SuperVarioWohnen;
			productReference = F64615E61FA8790C007EB0A0 /* SuperVarioWohnen.app */;
			productType = "com.apple.product-type.application";
		};
		F64615F91FA8790D007EB0A0 /* SuperVarioWohnenTests */ = {
			isa = PBXNativeTarget;
			buildConfigurationList = F64616111FA8790D007EB0A0 /* Build configuration list for PBXNativeTarget "SuperVarioWohnenTests" */;
			buildPhases = (
				F64615F61FA8790D007EB0A0 /* Sources */,
				F64615F71FA8790D007EB0A0 /* Frameworks */,
				F64615F81FA8790D007EB0A0 /* Resources */,
			);
			buildRules = (
			);
			dependencies = (
				F64615FC1FA8790D007EB0A0 /* PBXTargetDependency */,
			);
			name = SuperVarioWohnenTests;
			productName = SuperVarioWohnenTests;
			productReference = F64615FA1FA8790D007EB0A0 /* SuperVarioWohnenTests.xctest */;
			productType = "com.apple.product-type.bundle.unit-test";
		};
		F64616041FA8790D007EB0A0 /* SuperVarioWohnenUITests */ = {
			isa = PBXNativeTarget;
			buildConfigurationList = F64616141FA8790D007EB0A0 /* Build configuration list for PBXNativeTarget "SuperVarioWohnenUITests" */;
			buildPhases = (
				F64616011FA8790D007EB0A0 /* Sources */,
				F64616021FA8790D007EB0A0 /* Frameworks */,
				F64616031FA8790D007EB0A0 /* Resources */,
			);
			buildRules = (
			);
			dependencies = (
				F64616071FA8790D007EB0A0 /* PBXTargetDependency */,
			);
			name = SuperVarioWohnenUITests;
			productName = SuperVarioWohnenUITests;
			productReference = F64616051FA8790D007EB0A0 /* SuperVarioWohnenUITests.xctest */;
			productType = "com.apple.product-type.bundle.ui-testing";
		};
/* End PBXNativeTarget section */

/* Begin PBXProject section */
		F64615DE1FA8790C007EB0A0 /* Project object */ = {
			isa = PBXProject;
			attributes = {
				LastSwiftUpdateCheck = 0900;
				LastUpgradeCheck = 0900;
				ORGANIZATIONNAME = Tobias;
				TargetAttributes = {
					F64615E51FA8790C007EB0A0 = {
						CreatedOnToolsVersion = 9.0.1;
						ProvisioningStyle = Automatic;
					};
					F64615F91FA8790D007EB0A0 = {
						CreatedOnToolsVersion = 9.0.1;
						ProvisioningStyle = Automatic;
						TestTargetID = F64615E51FA8790C007EB0A0;
					};
					F64616041FA8790D007EB0A0 = {
						CreatedOnToolsVersion = 9.0.1;
						ProvisioningStyle = Automatic;
						TestTargetID = F64615E51FA8790C007EB0A0;
					};
				};
			};
			buildConfigurationList = F64615E11FA8790C007EB0A0 /* Build configuration list for PBXProject "SuperVarioWohnen" */;
			compatibilityVersion = "Xcode 8.0";
			developmentRegion = en;
			hasScannedForEncodings = 0;
			knownRegions = (
				en,
				Base,
			);
			mainGroup = F64615DD1FA8790C007EB0A0;
			productRefGroup = F64615E71FA8790C007EB0A0 /* Products */;
			projectDirPath = "";
			projectRoot = "";
			targets = (
				F64615E51FA8790C007EB0A0 /* SuperVarioWohnen */,
				F64615F91FA8790D007EB0A0 /* SuperVarioWohnenTests */,
				F64616041FA8790D007EB0A0 /* SuperVarioWohnenUITests */,
			);
		};
/* End PBXProject section */

/* Begin PBXResourcesBuildPhase section */
		F64615E41FA8790C007EB0A0 /* Resources */ = {
			isa = PBXResourcesBuildPhase;
			buildActionMask = 2147483647;
			files = (
				F64615F41FA8790D007EB0A0 /* LaunchScreen.storyboard in Resources */,
				F64615F11FA8790D007EB0A0 /* Assets.xcassets in Resources */,
				F64615EF1FA8790D007EB0A0 /* Main.storyboard in Resources */,
			);
			runOnlyForDeploymentPostprocessing = 0;
		};
		F64615F81FA8790D007EB0A0 /* Resources */ = {
			isa = PBXResourcesBuildPhase;
			buildActionMask = 2147483647;
			files = (
			);
			runOnlyForDeploymentPostprocessing = 0;
		};
		F64616031FA8790D007EB0A0 /* Resources */ = {
			isa = PBXResourcesBuildPhase;
			buildActionMask = 2147483647;
			files = (
			);
			runOnlyForDeploymentPostprocessing = 0;
		};
/* End PBXResourcesBuildPhase section */

/* Begin PBXSourcesBuildPhase section */
		F64615E21FA8790C007EB0A0 /* Sources */ = {
			isa = PBXSourcesBuildPhase;
			buildActionMask = 2147483647;
			files = (
				F64615EC1FA8790D007EB0A0 /* ViewController.swift in Sources */,
				89FD01371FFD69E200E9C5C5 /* ForumPostTableViewController.swift in Sources */,
				89BC50F21FEB217500714B3A /* ForumPostTableViewCell.swift in Sources */,
				F64615EA1FA8790D007EB0A0 /* AppDelegate.swift in Sources */,
				6093060B2008CE2400EAAE38 /* ForumAnswerTableViewCell.swift in Sources */,
				89BC50F01FEB1A0E00714B3A /* ForumPost.swift in Sources */,
				609306092008CBF700EAAE38 /* ForumAnswerTableViewController.swift in Sources */,
			);
			runOnlyForDeploymentPostprocessing = 0;
		};
		F64615F61FA8790D007EB0A0 /* Sources */ = {
			isa = PBXSourcesBuildPhase;
			buildActionMask = 2147483647;
			files = (
				F64615FF1FA8790D007EB0A0 /* SuperVarioWohnenTests.swift in Sources */,
			);
			runOnlyForDeploymentPostprocessing = 0;
		};
		F64616011FA8790D007EB0A0 /* Sources */ = {
			isa = PBXSourcesBuildPhase;
			buildActionMask = 2147483647;
			files = (
				F646160A1FA8790D007EB0A0 /* SuperVarioWohnenUITests.swift in Sources */,
			);
			runOnlyForDeploymentPostprocessing = 0;
		};
/* End PBXSourcesBuildPhase section */

/* Begin PBXTargetDependency section */
		F64615FC1FA8790D007EB0A0 /* PBXTargetDependency */ = {
			isa = PBXTargetDependency;
			target = F64615E51FA8790C007EB0A0 /* SuperVarioWohnen */;
			targetProxy = F64615FB1FA8790D007EB0A0 /* PBXContainerItemProxy */;
		};
		F64616071FA8790D007EB0A0 /* PBXTargetDependency */ = {
			isa = PBXTargetDependency;
			target = F64615E51FA8790C007EB0A0 /* SuperVarioWohnen */;
			targetProxy = F64616061FA8790D007EB0A0 /* PBXContainerItemProxy */;
		};
/* End PBXTargetDependency section */

/* Begin PBXVariantGroup section */
		F64615ED1FA8790D007EB0A0 /* Main.storyboard */ = {
			isa = PBXVariantGroup;
			children = (
				F64615EE1FA8790D007EB0A0 /* Base */,
			);
			name = Main.storyboard;
			sourceTree = "<group>";
		};
		F64615F21FA8790D007EB0A0 /* LaunchScreen.storyboard */ = {
			isa = PBXVariantGroup;
			children = (
				F64615F31FA8790D007EB0A0 /* Base */,
			);
			name = LaunchScreen.storyboard;
			sourceTree = "<group>";
		};
/* End PBXVariantGroup section */

/* Begin XCBuildConfiguration section */
		F646160C1FA8790D007EB0A0 /* Debug */ = {
			isa = XCBuildConfiguration;
			buildSettings = {
				ALWAYS_SEARCH_USER_PATHS = NO;
				CLANG_ANALYZER_NONNULL = YES;
				CLANG_ANALYZER_NUMBER_OBJECT_CONVERSION = YES_AGGRESSIVE;
				CLANG_CXX_LANGUAGE_STANDARD = "gnu++14";
				CLANG_CXX_LIBRARY = "libc++";
				CLANG_ENABLE_MODULES = YES;
				CLANG_ENABLE_OBJC_ARC = YES;
				CLANG_WARN_BLOCK_CAPTURE_AUTORELEASING = YES;
				CLANG_WARN_BOOL_CONVERSION = YES;
				CLANG_WARN_COMMA = YES;
				CLANG_WARN_CONSTANT_CONVERSION = YES;
				CLANG_WARN_DIRECT_OBJC_ISA_USAGE = YES_ERROR;
				CLANG_WARN_DOCUMENTATION_COMMENTS = YES;
				CLANG_WARN_EMPTY_BODY = YES;
				CLANG_WARN_ENUM_CONVERSION = YES;
				CLANG_WARN_INFINITE_RECURSION = YES;
				CLANG_WARN_INT_CONVERSION = YES;
				CLANG_WARN_NON_LITERAL_NULL_CONVERSION = YES;
				CLANG_WARN_OBJC_LITERAL_CONVERSION = YES;
				CLANG_WARN_OBJC_ROOT_CLASS = YES_ERROR;
				CLANG_WARN_RANGE_LOOP_ANALYSIS = YES;
				CLANG_WARN_STRICT_PROTOTYPES = YES;
				CLANG_WARN_SUSPICIOUS_MOVE = YES;
				CLANG_WARN_UNGUARDED_AVAILABILITY = YES_AGGRESSIVE;
				CLANG_WARN_UNREACHABLE_CODE = YES;
				CLANG_WARN__DUPLICATE_METHOD_MATCH = YES;
				CODE_SIGN_IDENTITY = "iPhone Developer";
				COPY_PHASE_STRIP = NO;
				DEBUG_INFORMATION_FORMAT = dwarf;
				ENABLE_STRICT_OBJC_MSGSEND = YES;
				ENABLE_TESTABILITY = YES;
				GCC_C_LANGUAGE_STANDARD = gnu11;
				GCC_DYNAMIC_NO_PIC = NO;
				GCC_NO_COMMON_BLOCKS = YES;
				GCC_OPTIMIZATION_LEVEL = 0;
				GCC_PREPROCESSOR_DEFINITIONS = (
					"DEBUG=1",
					"$(inherited)",
				);
				GCC_WARN_64_TO_32_BIT_CONVERSION = YES;
				GCC_WARN_ABOUT_RETURN_TYPE = YES_ERROR;
				GCC_WARN_UNDECLARED_SELECTOR = YES;
				GCC_WARN_UNINITIALIZED_AUTOS = YES_AGGRESSIVE;
				GCC_WARN_UNUSED_FUNCTION = YES;
				GCC_WARN_UNUSED_VARIABLE = YES;
				IPHONEOS_DEPLOYMENT_TARGET = 11.0;
				MTL_ENABLE_DEBUG_INFO = YES;
				ONLY_ACTIVE_ARCH = YES;
				SDKROOT = iphoneos;
				SWIFT_ACTIVE_COMPILATION_CONDITIONS = DEBUG;
				SWIFT_OPTIMIZATION_LEVEL = "-Onone";
			};
			name = Debug;
		};
		F646160D1FA8790D007EB0A0 /* Release */ = {
			isa = XCBuildConfiguration;
			buildSettings = {
				ALWAYS_SEARCH_USER_PATHS = NO;
				CLANG_ANALYZER_NONNULL = YES;
				CLANG_ANALYZER_NUMBER_OBJECT_CONVERSION = YES_AGGRESSIVE;
				CLANG_CXX_LANGUAGE_STANDARD = "gnu++14";
				CLANG_CXX_LIBRARY = "libc++";
				CLANG_ENABLE_MODULES = YES;
				CLANG_ENABLE_OBJC_ARC = YES;
				CLANG_WARN_BLOCK_CAPTURE_AUTORELEASING = YES;
				CLANG_WARN_BOOL_CONVERSION = YES;
				CLANG_WARN_COMMA = YES;
				CLANG_WARN_CONSTANT_CONVERSION = YES;
				CLANG_WARN_DIRECT_OBJC_ISA_USAGE = YES_ERROR;
				CLANG_WARN_DOCUMENTATION_COMMENTS = YES;
				CLANG_WARN_EMPTY_BODY = YES;
				CLANG_WARN_ENUM_CONVERSION = YES;
				CLANG_WARN_INFINITE_RECURSION = YES;
				CLANG_WARN_INT_CONVERSION = YES;
				CLANG_WARN_NON_LITERAL_NULL_CONVERSION = YES;
				CLANG_WARN_OBJC_LITERAL_CONVERSION = YES;
				CLANG_WARN_OBJC_ROOT_CLASS = YES_ERROR;
				CLANG_WARN_RANGE_LOOP_ANALYSIS = YES;
				CLANG_WARN_STRICT_PROTOTYPES = YES;
				CLANG_WARN_SUSPICIOUS_MOVE = YES;
				CLANG_WARN_UNGUARDED_AVAILABILITY = YES_AGGRESSIVE;
				CLANG_WARN_UNREACHABLE_CODE = YES;
				CLANG_WARN__DUPLICATE_METHOD_MATCH = YES;
				CODE_SIGN_IDENTITY = "iPhone Developer";
				COPY_PHASE_STRIP = NO;
				DEBUG_INFORMATION_FORMAT = "dwarf-with-dsym";
				ENABLE_NS_ASSERTIONS = NO;
				ENABLE_STRICT_OBJC_MSGSEND = YES;
				GCC_C_LANGUAGE_STANDARD = gnu11;
				GCC_NO_COMMON_BLOCKS = YES;
				GCC_WARN_64_TO_32_BIT_CONVERSION = YES;
				GCC_WARN_ABOUT_RETURN_TYPE = YES_ERROR;
				GCC_WARN_UNDECLARED_SELECTOR = YES;
				GCC_WARN_UNINITIALIZED_AUTOS = YES_AGGRESSIVE;
				GCC_WARN_UNUSED_FUNCTION = YES;
				GCC_WARN_UNUSED_VARIABLE = YES;
				IPHONEOS_DEPLOYMENT_TARGET = 11.0;
				MTL_ENABLE_DEBUG_INFO = NO;
				SDKROOT = iphoneos;
				SWIFT_OPTIMIZATION_LEVEL = "-Owholemodule";
				VALIDATE_PRODUCT = YES;
			};
			name = Release;
		};
		F646160F1FA8790D007EB0A0 /* Debug */ = {
			isa = XCBuildConfiguration;
			buildSettings = {
				ASSETCATALOG_COMPILER_APPICON_NAME = AppIcon;
				CODE_SIGN_STYLE = Automatic;
				DEVELOPMENT_TEAM = GSS77QYM85;
				INFOPLIST_FILE = SuperVarioWohnen/Info.plist;
				LD_RUNPATH_SEARCH_PATHS = "$(inherited) @executable_path/Frameworks";
				PRODUCT_BUNDLE_IDENTIFIER = de.tobias.SuperVarioWohnen;
				PRODUCT_NAME = "$(TARGET_NAME)";
				SWIFT_VERSION = 4.0;
				TARGETED_DEVICE_FAMILY = "1,2";
			};
			name = Debug;
		};
		F64616101FA8790D007EB0A0 /* Release */ = {
			isa = XCBuildConfiguration;
			buildSettings = {
				ASSETCATALOG_COMPILER_APPICON_NAME = AppIcon;
				CODE_SIGN_STYLE = Automatic;
				DEVELOPMENT_TEAM = GSS77QYM85;
				INFOPLIST_FILE = SuperVarioWohnen/Info.plist;
				LD_RUNPATH_SEARCH_PATHS = "$(inherited) @executable_path/Frameworks";
				PRODUCT_BUNDLE_IDENTIFIER = de.tobias.SuperVarioWohnen;
				PRODUCT_NAME = "$(TARGET_NAME)";
				SWIFT_VERSION = 4.0;
				TARGETED_DEVICE_FAMILY = "1,2";
			};
			name = Release;
		};
		F64616121FA8790D007EB0A0 /* Debug */ = {
			isa = XCBuildConfiguration;
			buildSettings = {
				ALWAYS_EMBED_SWIFT_STANDARD_LIBRARIES = YES;
				BUNDLE_LOADER = "$(TEST_HOST)";
				CODE_SIGN_STYLE = Automatic;
				DEVELOPMENT_TEAM = GSS77QYM85;
				INFOPLIST_FILE = SuperVarioWohnenTests/Info.plist;
				LD_RUNPATH_SEARCH_PATHS = "$(inherited) @executable_path/Frameworks @loader_path/Frameworks";
				PRODUCT_BUNDLE_IDENTIFIER = de.tobias.SuperVarioWohnenTests;
				PRODUCT_NAME = "$(TARGET_NAME)";
				SWIFT_VERSION = 4.0;
				TARGETED_DEVICE_FAMILY = "1,2";
				TEST_HOST = "$(BUILT_PRODUCTS_DIR)/SuperVarioWohnen.app/SuperVarioWohnen";
			};
			name = Debug;
		};
		F64616131FA8790D007EB0A0 /* Release */ = {
			isa = XCBuildConfiguration;
			buildSettings = {
				ALWAYS_EMBED_SWIFT_STANDARD_LIBRARIES = YES;
				BUNDLE_LOADER = "$(TEST_HOST)";
				CODE_SIGN_STYLE = Automatic;
				DEVELOPMENT_TEAM = GSS77QYM85;
				INFOPLIST_FILE = SuperVarioWohnenTests/Info.plist;
				LD_RUNPATH_SEARCH_PATHS = "$(inherited) @executable_path/Frameworks @loader_path/Frameworks";
				PRODUCT_BUNDLE_IDENTIFIER = de.tobias.SuperVarioWohnenTests;
				PRODUCT_NAME = "$(TARGET_NAME)";
				SWIFT_VERSION = 4.0;
				TARGETED_DEVICE_FAMILY = "1,2";
				TEST_HOST = "$(BUILT_PRODUCTS_DIR)/SuperVarioWohnen.app/SuperVarioWohnen";
			};
			name = Release;
		};
		F64616151FA8790D007EB0A0 /* Debug */ = {
			isa = XCBuildConfiguration;
			buildSettings = {
				ALWAYS_EMBED_SWIFT_STANDARD_LIBRARIES = YES;
				CODE_SIGN_STYLE = Automatic;
				DEVELOPMENT_TEAM = GSS77QYM85;
				INFOPLIST_FILE = SuperVarioWohnenUITests/Info.plist;
				LD_RUNPATH_SEARCH_PATHS = "$(inherited) @executable_path/Frameworks @loader_path/Frameworks";
				PRODUCT_BUNDLE_IDENTIFIER = de.tobias.SuperVarioWohnenUITests;
				PRODUCT_NAME = "$(TARGET_NAME)";
				SWIFT_VERSION = 4.0;
				TARGETED_DEVICE_FAMILY = "1,2";
				TEST_TARGET_NAME = SuperVarioWohnen;
			};
			name = Debug;
		};
		F64616161FA8790D007EB0A0 /* Release */ = {
			isa = XCBuildConfiguration;
			buildSettings = {
				ALWAYS_EMBED_SWIFT_STANDARD_LIBRARIES = YES;
				CODE_SIGN_STYLE = Automatic;
				DEVELOPMENT_TEAM = GSS77QYM85;
				INFOPLIST_FILE = SuperVarioWohnenUITests/Info.plist;
				LD_RUNPATH_SEARCH_PATHS = "$(inherited) @executable_path/Frameworks @loader_path/Frameworks";
				PRODUCT_BUNDLE_IDENTIFIER = de.tobias.SuperVarioWohnenUITests;
				PRODUCT_NAME = "$(TARGET_NAME)";
				SWIFT_VERSION = 4.0;
				TARGETED_DEVICE_FAMILY = "1,2";
				TEST_TARGET_NAME = SuperVarioWohnen;
			};
			name = Release;
		};
/* End XCBuildConfiguration section */

/* Begin XCConfigurationList section */
		F64615E11FA8790C007EB0A0 /* Build configuration list for PBXProject "SuperVarioWohnen" */ = {
			isa = XCConfigurationList;
			buildConfigurations = (
				F646160C1FA8790D007EB0A0 /* Debug */,
				F646160D1FA8790D007EB0A0 /* Release */,
			);
			defaultConfigurationIsVisible = 0;
			defaultConfigurationName = Release;
		};
		F646160E1FA8790D007EB0A0 /* Build configuration list for PBXNativeTarget "SuperVarioWohnen" */ = {
			isa = XCConfigurationList;
			buildConfigurations = (
				F646160F1FA8790D007EB0A0 /* Debug */,
				F64616101FA8790D007EB0A0 /* Release */,
			);
			defaultConfigurationIsVisible = 0;
			defaultConfigurationName = Release;
		};
		F64616111FA8790D007EB0A0 /* Build configuration list for PBXNativeTarget "SuperVarioWohnenTests" */ = {
			isa = XCConfigurationList;
			buildConfigurations = (
				F64616121FA8790D007EB0A0 /* Debug */,
				F64616131FA8790D007EB0A0 /* Release */,
			);
			defaultConfigurationIsVisible = 0;
			defaultConfigurationName = Release;
		};
		F64616141FA8790D007EB0A0 /* Build configuration list for PBXNativeTarget "SuperVarioWohnenUITests" */ = {
			isa = XCConfigurationList;
			buildConfigurations = (
				F64616151FA8790D007EB0A0 /* Debug */,
				F64616161FA8790D007EB0A0 /* Release */,
			);
			defaultConfigurationIsVisible = 0;
			defaultConfigurationName = Release;
		};
/* End XCConfigurationList section */
	};
	rootObject = F64615DE1FA8790C007EB0A0 /* Project object */;
}
